<?xml version="1.0" encoding="utf-8"?>
<Project ToolsVersion="4.0" xmlns="http://schemas.microsoft.com/developer/msbuild/2003">
  <ItemGroup>
    <Filter Include="Fichiers sources">
      <UniqueIdentifier>{4FC737F1-C7A5-4376-A066-2A32D752A2FF}</UniqueIdentifier>
      <Extensions>cpp;c;cc;cxx;def;odl;idl;hpj;bat;asm;asmx</Extensions>
    </Filter>
    <Filter Include="Fichiers d%27en-tête">
      <UniqueIdentifier>{93995380-89BD-4b04-88EB-625FBE52EBFB}</UniqueIdentifier>
      <Extensions>h;hh;hpp;hxx;hm;inl;inc;ipp;xsd</Extensions>
    </Filter>
    <Filter Include="Fichiers de ressources">
      <UniqueIdentifier>{67DA6AB6-F800-4c08-8B7A-83BB121AAD01}</UniqueIdentifier>
      <Extensions>rc;ico;cur;bmp;dlg;rc2;rct;bin;rgs;gif;jpg;jpeg;jpe;resx;tiff;tif;png;wav;mfcribbon-ms</Extensions>
    </Filter>
    <Filter Include="Common">
      <UniqueIdentifier>{9655f8b8-4852-4edd-a02b-716ccbead04b}</UniqueIdentifier>
    </Filter>
  </ItemGroup>
  <ItemGroup>
    <ClInclude Include="BitStream.h">
      <Filter>Fichiers d%27en-tête</Filter>
    </ClInclude>
    <ClInclude Include="Dxva2Decoder.h">
      <Filter>Fichiers d%27en-tête</Filter>
    </ClInclude>
    <ClInclude Include="H264AtomParser.h">
      <Filter>Fichiers d%27en-tête</Filter>
    </ClInclude>
    <ClInclude Include="H264Definition.h">
      <Filter>Fichiers d%27en-tête</Filter>
    </ClInclude>
    <ClInclude Include="H264NaluParser.h">
      <Filter>Fichiers d%27en-tête</Filter>
    </ClInclude>
    <ClInclude Include="MFByteStream.h">
      <Filter>Fichiers d%27en-tête</Filter>
    </ClInclude>
    <ClInclude Include="StdAfx.h">
      <Filter>Fichiers d%27en-tête</Filter>
    </ClInclude>
    <ClInclude Include="Common\MFBuffer.h">
      <Filter>Common</Filter>
    </ClInclude>
    <ClInclude Include="Common\MFCriticSection.h">
      <Filter>Common</Filter>
    </ClInclude>
    <ClInclude Include="Common\MFLightBuffer.h">
      <Filter>Common</Filter>
    </ClInclude>
    <ClInclude Include="Common\MFLogging.h">
      <Filter>Common</Filter>
    </ClInclude>
    <ClInclude Include="Common\MFMacro.h">
      <Filter>Common</Filter>
    </ClInclude>
    <ClInclude Include="Common\MFReadParam.h">
      <Filter>Common</Filter>
    </ClInclude>
    <ClInclude Include="Common\MFTExternTrace.h">
      <Filter>Common</Filter>
    </ClInclude>
    <ClInclude Include="Common\MFTrace.h">
      <Filter>Common</Filter>
    </ClInclude>
  </ItemGroup>
  <ItemGroup>
    <ClCompile Include="BitStream.cpp">
      <Filter>Fichiers sources</Filter>
    </ClCompile>
    <ClCompile Include="Dxva2Decoder.cpp">
      <Filter>Fichiers sources</Filter>
    </ClCompile>
    <ClCompile Include="Dxva2Decoder_DisplayFrame.cpp">
      <Filter>Fichiers sources</Filter>
    </ClCompile>
    <ClCompile Include="H264AtomParser.cpp">
      <Filter>Fichiers sources</Filter>
    </ClCompile>
    <ClCompile Include="H264NaluParser.cpp">
      <Filter>Fichiers sources</Filter>
    </ClCompile>
    <ClCompile Include="Main.cpp">
      <Filter>Fichiers sources</Filter>
    </ClCompile>
    <ClCompile Include="MFByteStream.cpp">
      <Filter>Fichiers sources</Filter>
    </ClCompile>
    <ClCompile Include="StdAfx.cpp">
      <Filter>Fichiers sources</Filter>
    </ClCompile>
  </ItemGroup>
</Project>